
Microsoft Visual Studio Solution File, Format Version 12.00
# Visual Studio Version 17
VisualStudioVersion = 17.8.34525.116
MinimumVisualStudioVersion = 10.0.40219.1
Project("{8BC9CEB8-8B4A-11D0-8D11-00A0C91BC942}") = "Different parsing types", "Different parsing types.vcxproj", "{3544D30A-83E0-43B8-AB89-C12D0D0DC612}"
EndProject
Global
	GlobalSection(SolutionConfigurationPlatforms) = preSolution
		Debug|x64 = Debug|x64
		Debug|x86 = Debug|x86
		Release|x64 = Release|x64
		Release|x86 = Release|x86
	EndGlobalSection
	GlobalSection(ProjectConfigurationPlatforms) = postSolution
		{3544D30A-83E0-43B8-AB89-C12D0D0DC612}.Debug|x64.ActiveCfg = Debug|x64
		{3544D30A-83E0-43B8-AB89-C12D0D0DC612}.Debug|x64.Build.0 = Debug|x64
		{3544D30A-83E0-43B8-AB89-C12D0D0DC612}.Debug|x86.ActiveCfg = Debug|Win32
		{3544D30A-83E0-43B8-AB89-C12D0D0DC612}.Debug|x86.Build.0 = Debug|Win32
		{3544D30A-83E0-43B8-AB89-C12D0D0DC612}.Release|x64.ActiveCfg = Release|x64
		{3544D30A-83E0-43B8-AB89-C12D0D0DC612}.Release|x64.Build.0 = Release|x64
		{3544D30A-83E0-43B8-AB89-C12D0D0DC612}.Release|x86.ActiveCfg = Release|Win32
		{3544D30A-83E0-43B8-AB89-C12D0D0DC612}.Release|x86.Build.0 = Release|Win32
	EndGlobalSection
	GlobalSection(SolutionProperties) = preSolution
		HideSolutionNode = FALSE
	EndGlobalSection
	GlobalSection(ExtensibilityGlobals) = postSolution
		SolutionGuid = {C918F40B-8752-4808-BB34-DB1AE5F79660}
	EndGlobalSection
EndGlobal
