
Microsoft Visual Studio Solution File, Format Version 12.00
# Visual Studio Version 17
VisualStudioVersion = 17.14.36414.22 d17.14
MinimumVisualStudioVersion = 10.0.40219.1
Project("{8BC9CEB8-8B4A-11D0-8D11-00A0C91BC942}") = "MASM Task 2", "MASM Task 2\MASM Task 2.vcxproj", "{A2499671-C6A8-4CD2-A71C-CD5E875E05C5}"
EndProject
Global
	GlobalSection(SolutionConfigurationPlatforms) = preSolution
		Debug|x64 = Debug|x64
		Debug|x86 = Debug|x86
		Release|x64 = Release|x64
		Release|x86 = Release|x86
	EndGlobalSection
	GlobalSection(ProjectConfigurationPlatforms) = postSolution
		{A2499671-C6A8-4CD2-A71C-CD5E875E05C5}.Debug|x64.ActiveCfg = Debug|x64
		{A2499671-C6A8-4CD2-A71C-CD5E875E05C5}.Debug|x64.Build.0 = Debug|x64
		{A2499671-C6A8-4CD2-A71C-CD5E875E05C5}.Debug|x86.ActiveCfg = Debug|Win32
		{A2499671-C6A8-4CD2-A71C-CD5E875E05C5}.Debug|x86.Build.0 = Debug|Win32
		{A2499671-C6A8-4CD2-A71C-CD5E875E05C5}.Release|x64.ActiveCfg = Release|x64
		{A2499671-C6A8-4CD2-A71C-CD5E875E05C5}.Release|x64.Build.0 = Release|x64
		{A2499671-C6A8-4CD2-A71C-CD5E875E05C5}.Release|x86.ActiveCfg = Release|Win32
		{A2499671-C6A8-4CD2-A71C-CD5E875E05C5}.Release|x86.Build.0 = Release|Win32
	EndGlobalSection
	GlobalSection(SolutionProperties) = preSolution
		HideSolutionNode = FALSE
	EndGlobalSection
	GlobalSection(ExtensibilityGlobals) = postSolution
		SolutionGuid = {200FFD5D-730B-41CD-88DB-3D02EDE297F6}
	EndGlobalSection
EndGlobal
